
Microsoft Visual Studio Solution File, Format Version 12.00
# Visual Studio Version 16
VisualStudioVersion = 16.0.31729.503
MinimumVisualStudioVersion = 10.0.40219.1
Project("{FAE04EC0-301F-11D3-BF4B-00C04F79EFBC}") = "RMDataManager", "RMDataManager\RMDataManager.csproj", "{51E33220-2271-421C-A1C4-3E33A735E2BE}"
EndProject
Project("{00D1A9C2-B5F0-4AF3-8072-F6C62B433612}") = "RMData", "RMData\RMData.sqlproj", "{D76F791D-2B2D-4D91-9D99-79237AF98E8F}"
EndProject
Project("{FAE04EC0-301F-11D3-BF4B-00C04F79EFBC}") = "RMDesktopUI", "RMDesktopUI\RMDesktopUI.csproj", "{4C2769AC-B358-413A-9A52-C84B80D38EDD}"
EndProject
Global
	GlobalSection(SolutionConfigurationPlatforms) = preSolution
		Debug|Any CPU = Debug|Any CPU
		Release|Any CPU = Release|Any CPU
	EndGlobalSection
	GlobalSection(ProjectConfigurationPlatforms) = postSolution
		{51E33220-2271-421C-A1C4-3E33A735E2BE}.Debug|Any CPU.ActiveCfg = Debug|Any CPU
		{51E33220-2271-421C-A1C4-3E33A735E2BE}.Debug|Any CPU.Build.0 = Debug|Any CPU
		{51E33220-2271-421C-A1C4-3E33A735E2BE}.Release|Any CPU.ActiveCfg = Release|Any CPU
		{51E33220-2271-421C-A1C4-3E33A735E2BE}.Release|Any CPU.Build.0 = Release|Any CPU
		{D76F791D-2B2D-4D91-9D99-79237AF98E8F}.Debug|Any CPU.ActiveCfg = Debug|Any CPU
		{D76F791D-2B2D-4D91-9D99-79237AF98E8F}.Debug|Any CPU.Build.0 = Debug|Any CPU
		{D76F791D-2B2D-4D91-9D99-79237AF98E8F}.Debug|Any CPU.Deploy.0 = Debug|Any CPU
		{D76F791D-2B2D-4D91-9D99-79237AF98E8F}.Release|Any CPU.ActiveCfg = Release|Any CPU
		{D76F791D-2B2D-4D91-9D99-79237AF98E8F}.Release|Any CPU.Build.0 = Release|Any CPU
		{D76F791D-2B2D-4D91-9D99-79237AF98E8F}.Release|Any CPU.Deploy.0 = Release|Any CPU
		{4C2769AC-B358-413A-9A52-C84B80D38EDD}.Debug|Any CPU.ActiveCfg = Debug|Any CPU
		{4C2769AC-B358-413A-9A52-C84B80D38EDD}.Debug|Any CPU.Build.0 = Debug|Any CPU
		{4C2769AC-B358-413A-9A52-C84B80D38EDD}.Release|Any CPU.ActiveCfg = Release|Any CPU
		{4C2769AC-B358-413A-9A52-C84B80D38EDD}.Release|Any CPU.Build.0 = Release|Any CPU
	EndGlobalSection
	GlobalSection(SolutionProperties) = preSolution
		HideSolutionNode = FALSE
	EndGlobalSection
	GlobalSection(ExtensibilityGlobals) = postSolution
		SolutionGuid = {0E0F98C1-4201-4097-854A-3F84CDD72754}
	EndGlobalSection
EndGlobal
